{
  "object": {
    "pins": [
      {
        "package": "swift-composable-architecture",
        "repositoryURL": "https://github.com/pointfreeco/swift-composable-architecture",
        "state": {
          "branch": "master",
          "revision": "d2240d0e76c1a758dbadbf737ceefc888b2e807c",
          "version": null
        }
      }
    ]
  },
  "version": 1
}
